
Microsoft Visual Studio Solution File, Format Version 12.00
# Visual Studio Version 17
VisualStudioVersion = 17.4.33205.214
MinimumVisualStudioVersion = 10.0.40219.1
Project("{FAE04EC0-301F-11D3-BF4B-00C04F79EFBC}") = "APITest", "APITest\APITest.csproj", "{FCBE4804-501D-4DF9-B97B-936631ED566F}"
EndProject
Global
	GlobalSection(SolutionConfigurationPlatforms) = preSolution
		Debug|Any CPU = Debug|Any CPU
		Release|Any CPU = Release|Any CPU
	EndGlobalSection
	GlobalSection(ProjectConfigurationPlatforms) = postSolution
		{FCBE4804-501D-4DF9-B97B-936631ED566F}.Debug|Any CPU.ActiveCfg = Debug|Any CPU
		{FCBE4804-501D-4DF9-B97B-936631ED566F}.Debug|Any CPU.Build.0 = Debug|Any CPU
		{FCBE4804-501D-4DF9-B97B-936631ED566F}.Release|Any CPU.ActiveCfg = Release|Any CPU
		{FCBE4804-501D-4DF9-B97B-936631ED566F}.Release|Any CPU.Build.0 = Release|Any CPU
	EndGlobalSection
	GlobalSection(SolutionProperties) = preSolution
		HideSolutionNode = FALSE
	EndGlobalSection
	GlobalSection(ExtensibilityGlobals) = postSolution
		SolutionGuid = {CB162FCC-5297-41FF-B70A-68254EA57110}
	EndGlobalSection
EndGlobal
